
Microsoft Visual Studio Solution File, Format Version 12.00
# Visual Studio Version 17
VisualStudioVersion = 17.6.33829.357
MinimumVisualStudioVersion = 10.0.40219.1
Project("{FAE04EC0-301F-11D3-BF4B-00C04F79EFBC}") = "ContactBookApp", "ContactBookApp\ContactBookApp.csproj", "{86F32BA4-78DF-47A7-93E8-8E4D8BF41E17}"
EndProject
Global
	GlobalSection(SolutionConfigurationPlatforms) = preSolution
		Debug|Any CPU = Debug|Any CPU
		Release|Any CPU = Release|Any CPU
	EndGlobalSection
	GlobalSection(ProjectConfigurationPlatforms) = postSolution
		{86F32BA4-78DF-47A7-93E8-8E4D8BF41E17}.Debug|Any CPU.ActiveCfg = Debug|Any CPU
		{86F32BA4-78DF-47A7-93E8-8E4D8BF41E17}.Debug|Any CPU.Build.0 = Debug|Any CPU
		{86F32BA4-78DF-47A7-93E8-8E4D8BF41E17}.Release|Any CPU.ActiveCfg = Release|Any CPU
		{86F32BA4-78DF-47A7-93E8-8E4D8BF41E17}.Release|Any CPU.Build.0 = Release|Any CPU
	EndGlobalSection
	GlobalSection(SolutionProperties) = preSolution
		HideSolutionNode = FALSE
	EndGlobalSection
	GlobalSection(ExtensibilityGlobals) = postSolution
		SolutionGuid = {AA76C951-D6E8-4BEC-9FEF-175E9B3F81A8}
	EndGlobalSection
EndGlobal
